PODS:
  - AdFitSDK (3.12.22)
  - ExelBid_iOS (1.3.16)

DEPENDENCIES:
  - AdFitSDK (~> 3.12.18)
  - ExelBid_iOS (~> 1.3.16)

SPEC REPOS:
  trunk:
    - AdFitSDK
    - ExelBid_iOS

SPEC CHECKSUMS:
  AdFitSDK: c766f1471897cfac5a6f333e090ed5dd86016286
  ExelBid_iOS: c2bdc278bc7283149abf65fc1fc430176a08e40c

PODFILE CHECKSUM: 6baacb5547bbf8a2c46166007d48676113784133

COCOAPODS: 1.11.3
