// !$*UTF8*$!
{
	archiveVersion = 1;
	classes = {
	};
	objectVersion = 46;
	objects = {

/* Begin PBXBuildFile section */
		64A1970E1E07A7E100095CAA /* main.m in Sources */ = {isa = PBXBuildFile; fileRef = 64A1970D1E07A7E100095CAA /* main.m */; };
		64A197111E07A7E100095CAA /* AppDelegate.m in Sources */ = {isa = PBXBuildFile; fileRef = 64A197101E07A7E100095CAA /* AppDelegate.m */; };
		64A197171E07A7E100095CAA /* Main.storyboard in Resources */ = {isa = PBXBuildFile; fileRef = 64A197151E07A7E100095CAA /* Main.storyboard */; };
		64A197191E07A7E100095CAA /* Assets.xcassets in Resources */ = {isa = PBXBuildFile; fileRef = 64A197181E07A7E100095CAA /* Assets.xcassets */; };
		64A1971C1E07A7E100095CAA /* LaunchScreen.storyboard in Resources */ = {isa = PBXBuildFile; fileRef = 64A1971A1E07A7E100095CAA /* LaunchScreen.storyboard */; };
		64A197861E07ACC000095CAA /* EBAdTableViewController.m in Sources */ = {isa = PBXBuildFile; fileRef = 64A1975F1E07ACC000095CAA /* EBAdTableViewController.m */; };
		64A197871E07ACC000095CAA /* EBBannerAdViewController.m in Sources */ = {isa = PBXBuildFile; fileRef = 64A197611E07ACC000095CAA /* EBBannerAdViewController.m */; };
		64A197881E07ACC000095CAA /* EBDialogAdViewController.m in Sources */ = {isa = PBXBuildFile; fileRef = 64A197631E07ACC000095CAA /* EBDialogAdViewController.m */; };
		64A197891E07ACC000095CAA /* EBFrontBannerAdViewController.m in Sources */ = {isa = PBXBuildFile; fileRef = 64A197651E07ACC000095CAA /* EBFrontBannerAdViewController.m */; };
		64A1978A1E07ACC000095CAA /* EBNativeAdCollectionViewController.m in Sources */ = {isa = PBXBuildFile; fileRef = 64A197671E07ACC000095CAA /* EBNativeAdCollectionViewController.m */; };
		64A1978B1E07ACC000095CAA /* EBNativeAdTableViewController.m in Sources */ = {isa = PBXBuildFile; fileRef = 64A197691E07ACC000095CAA /* EBNativeAdTableViewController.m */; };
		64A1978C1E07ACC000095CAA /* EBNativeAdViewController.m in Sources */ = {isa = PBXBuildFile; fileRef = 64A1976B1E07ACC000095CAA /* EBNativeAdViewController.m */; };
		64A1978D1E07ACC000095CAA /* EBNativeBannerAdViewController.m in Sources */ = {isa = PBXBuildFile; fileRef = 64A1976D1E07ACC000095CAA /* EBNativeBannerAdViewController.m */; };
		64A1978E1E07ACC000095CAA /* EBAdInfo.m in Sources */ = {isa = PBXBuildFile; fileRef = 64A197701E07ACC000095CAA /* EBAdInfo.m */; };
		64A1978F1E07ACC000095CAA /* EBAdSection.m in Sources */ = {isa = PBXBuildFile; fileRef = 64A197721E07ACC000095CAA /* EBAdSection.m */; };
		64A197901E07ACC000095CAA /* EBConfig.m in Sources */ = {isa = PBXBuildFile; fileRef = 64A197741E07ACC000095CAA /* EBConfig.m */; };
		64A197911E07ACC000095CAA /* EBCollectionViewAdPlacerView.m in Sources */ = {isa = PBXBuildFile; fileRef = 64A197771E07ACC000095CAA /* EBCollectionViewAdPlacerView.m */; };
		64A197921E07ACC000095CAA /* EBHTMLDialogView.m in Sources */ = {isa = PBXBuildFile; fileRef = 64A197791E07ACC000095CAA /* EBHTMLDialogView.m */; };
		64A197931E07ACC000095CAA /* EBNativeAd2View.m in Sources */ = {isa = PBXBuildFile; fileRef = 64A1977B1E07ACC000095CAA /* EBNativeAd2View.m */; };
		64A197941E07ACC000095CAA /* EBNativeAdView.m in Sources */ = {isa = PBXBuildFile; fileRef = 64A1977D1E07ACC000095CAA /* EBNativeAdView.m */; };
		64A197951E07ACC000095CAA /* EBNativeBannerAdView.m in Sources */ = {isa = PBXBuildFile; fileRef = 64A1977F1E07ACC000095CAA /* EBNativeBannerAdView.m */; };
		64A197961E07ACC000095CAA /* EBNativeDialogView.m in Sources */ = {isa = PBXBuildFile; fileRef = 64A197811E07ACC000095CAA /* EBNativeDialogView.m */; };
		64A197971E07ACC000095CAA /* EBNativeRoundView.m in Sources */ = {isa = PBXBuildFile; fileRef = 64A197831E07ACC000095CAA /* EBNativeRoundView.m */; };
		64A197981E07ACC000095CAA /* EBTableViewAdPlacerView.m in Sources */ = {isa = PBXBuildFile; fileRef = 64A197851E07ACC000095CAA /* EBTableViewAdPlacerView.m */; };
		BFE85C6FCBF4829B149A78D5 /* libPods-ExelBidSample.a in Frameworks */ = {isa = PBXBuildFile; fileRef = 4C21688F282DC8195BD608A5 /* libPods-ExelBidSample.a */; };
/* End PBXBuildFile section */

/* Begin PBXFileReference section */
		3C014DB22832791806920775 /* Pods-ExelBidSample.debug.xcconfig */ = {isa = PBXFileReference; includeInIndex = 1; lastKnownFileType = text.xcconfig; name = "Pods-ExelBidSample.debug.xcconfig"; path = "Pods/Target Support Files/Pods-ExelBidSample/Pods-ExelBidSample.debug.xcconfig"; sourceTree = "<group>"; };
		4C21688F282DC8195BD608A5 /* libPods-ExelBidSample.a */ = {isa = PBXFileReference; explicitFileType = archive.ar; includeInIndex = 0; path = "libPods-ExelBidSample.a"; sourceTree = BUILT_PRODUCTS_DIR; };
		64A197091E07A7E100095CAA /* ExelBidSample.app */ = {isa = PBXFileReference; explicitFileType = wrapper.application; includeInIndex = 0; path = ExelBidSample.app; sourceTree = BUILT_PRODUCTS_DIR; };
		64A1970D1E07A7E100095CAA /* main.m */ = {isa = PBXFileReference; lastKnownFileType = sourcecode.c.objc; path = main.m; sourceTree = "<group>"; };
		64A1970F1E07A7E100095CAA /* AppDelegate.h */ = {isa = PBXFileReference; lastKnownFileType = sourcecode.c.h; path = AppDelegate.h; sourceTree = "<group>"; };
		64A197101E07A7E100095CAA /* AppDelegate.m */ = {isa = PBXFileReference; lastKnownFileType = sourcecode.c.objc; path = AppDelegate.m; sourceTree = "<group>"; };
		64A197161E07A7E100095CAA /* Base */ = {isa = PBXFileReference; lastKnownFileType = file.storyboard; name = Base; path = Base.lproj/Main.storyboard; sourceTree = "<group>"; };
		64A197181E07A7E100095CAA /* Assets.xcassets */ = {isa = PBXFileReference; lastKnownFileType = folder.assetcatalog; path = Assets.xcassets; sourceTree = "<group>"; };
		64A1971B1E07A7E100095CAA /* Base */ = {isa = PBXFileReference; lastKnownFileType = file.storyboard; name = Base; path = Base.lproj/LaunchScreen.storyboard; sourceTree = "<group>"; };
		64A1971D1E07A7E100095CAA /* Info.plist */ = {isa = PBXFileReference; lastKnownFileType = text.plist.xml; path = Info.plist; sourceTree = "<group>"; };
		64A1975E1E07ACC000095CAA /* EBAdTableViewController.h */ = {isa = PBXFileReference; fileEncoding = 4; lastKnownFileType = sourcecode.c.h; path = EBAdTableViewController.h; sourceTree = "<group>"; };
		64A1975F1E07ACC000095CAA /* EBAdTableViewController.m */ = {isa = PBXFileReference; fileEncoding = 4; lastKnownFileType = sourcecode.c.objc; path = EBAdTableViewController.m; sourceTree = "<group>"; };
		64A197601E07ACC000095CAA /* EBBannerAdViewController.h */ = {isa = PBXFileReference; fileEncoding = 4; lastKnownFileType = sourcecode.c.h; path = EBBannerAdViewController.h; sourceTree = "<group>"; };
		64A197611E07ACC000095CAA /* EBBannerAdViewController.m */ = {isa = PBXFileReference; fileEncoding = 4; lastKnownFileType = sourcecode.c.objc; path = EBBannerAdViewController.m; sourceTree = "<group>"; };
		64A197621E07ACC000095CAA /* EBDialogAdViewController.h */ = {isa = PBXFileReference; fileEncoding = 4; lastKnownFileType = sourcecode.c.h; path = EBDialogAdViewController.h; sourceTree = "<group>"; };
		64A197631E07ACC000095CAA /* EBDialogAdViewController.m */ = {isa = PBXFileReference; fileEncoding = 4; lastKnownFileType = sourcecode.c.objc; path = EBDialogAdViewController.m; sourceTree = "<group>"; };
		64A197641E07ACC000095CAA /* EBFrontBannerAdViewController.h */ = {isa = PBXFileReference; fileEncoding = 4; lastKnownFileType = sourcecode.c.h; path = EBFrontBannerAdViewController.h; sourceTree = "<group>"; };
		64A197651E07ACC000095CAA /* EBFrontBannerAdViewController.m */ = {isa = PBXFileReference; fileEncoding = 4; lastKnownFileType = sourcecode.c.objc; path = EBFrontBannerAdViewController.m; sourceTree = "<group>"; };
		64A197661E07ACC000095CAA /* EBNativeAdCollectionViewController.h */ = {isa = PBXFileReference; fileEncoding = 4; lastKnownFileType = sourcecode.c.h; path = EBNativeAdCollectionViewController.h; sourceTree = "<group>"; };
		64A197671E07ACC000095CAA /* EBNativeAdCollectionViewController.m */ = {isa = PBXFileReference; fileEncoding = 4; lastKnownFileType = sourcecode.c.objc; path = EBNativeAdCollectionViewController.m; sourceTree = "<group>"; };
		64A197681E07ACC000095CAA /* EBNativeAdTableViewController.h */ = {isa = PBXFileReference; fileEncoding = 4; lastKnownFileType = sourcecode.c.h; path = EBNativeAdTableViewController.h; sourceTree = "<group>"; };
		64A197691E07ACC000095CAA /* EBNativeAdTableViewController.m */ = {isa = PBXFileReference; fileEncoding = 4; lastKnownFileType = sourcecode.c.objc; path = EBNativeAdTableViewController.m; sourceTree = "<group>"; };
		64A1976A1E07ACC000095CAA /* EBNativeAdViewController.h */ = {isa = PBXFileReference; fileEncoding = 4; lastKnownFileType = sourcecode.c.h; path = EBNativeAdViewController.h; sourceTree = "<group>"; };
		64A1976B1E07ACC000095CAA /* EBNativeAdViewController.m */ = {isa = PBXFileReference; fileEncoding = 4; lastKnownFileType = sourcecode.c.objc; path = EBNativeAdViewController.m; sourceTree = "<group>"; };
		64A1976C1E07ACC000095CAA /* EBNativeBannerAdViewController.h */ = {isa = PBXFileReference; fileEncoding = 4; lastKnownFileType = sourcecode.c.h; path = EBNativeBannerAdViewController.h; sourceTree = "<group>"; };
		64A1976D1E07ACC000095CAA /* EBNativeBannerAdViewController.m */ = {isa = PBXFileReference; fileEncoding = 4; lastKnownFileType = sourcecode.c.objc; path = EBNativeBannerAdViewController.m; sourceTree = "<group>"; };
		64A1976F1E07ACC000095CAA /* EBAdInfo.h */ = {isa = PBXFileReference; fileEncoding = 4; lastKnownFileType = sourcecode.c.h; path = EBAdInfo.h; sourceTree = "<group>"; };
		64A197701E07ACC000095CAA /* EBAdInfo.m */ = {isa = PBXFileReference; fileEncoding = 4; lastKnownFileType = sourcecode.c.objc; path = EBAdInfo.m; sourceTree = "<group>"; };
		64A197711E07ACC000095CAA /* EBAdSection.h */ = {isa = PBXFileReference; fileEncoding = 4; lastKnownFileType = sourcecode.c.h; path = EBAdSection.h; sourceTree = "<group>"; };
		64A197721E07ACC000095CAA /* EBAdSection.m */ = {isa = PBXFileReference; fileEncoding = 4; lastKnownFileType = sourcecode.c.objc; path = EBAdSection.m; sourceTree = "<group>"; };
		64A197731E07ACC000095CAA /* EBConfig.h */ = {isa = PBXFileReference; fileEncoding = 4; lastKnownFileType = sourcecode.c.h; path = EBConfig.h; sourceTree = "<group>"; };
		64A197741E07ACC000095CAA /* EBConfig.m */ = {isa = PBXFileReference; fileEncoding = 4; lastKnownFileType = sourcecode.c.objc; path = EBConfig.m; sourceTree = "<group>"; };
		64A197761E07ACC000095CAA /* EBCollectionViewAdPlacerView.h */ = {isa = PBXFileReference; fileEncoding = 4; lastKnownFileType = sourcecode.c.h; path = EBCollectionViewAdPlacerView.h; sourceTree = "<group>"; };
		64A197771E07ACC000095CAA /* EBCollectionViewAdPlacerView.m */ = {isa = PBXFileReference; fileEncoding = 4; lastKnownFileType = sourcecode.c.objc; path = EBCollectionViewAdPlacerView.m; sourceTree = "<group>"; };
		64A197781E07ACC000095CAA /* EBHTMLDialogView.h */ = {isa = PBXFileReference; fileEncoding = 4; lastKnownFileType = sourcecode.c.h; path = EBHTMLDialogView.h; sourceTree = "<group>"; };
		64A197791E07ACC000095CAA /* EBHTMLDialogView.m */ = {isa = PBXFileReference; fileEncoding = 4; lastKnownFileType = sourcecode.c.objc; path = EBHTMLDialogView.m; sourceTree = "<group>"; };
		64A1977A1E07ACC000095CAA /* EBNativeAd2View.h */ = {isa = PBXFileReference; fileEncoding = 4; lastKnownFileType = sourcecode.c.h; path = EBNativeAd2View.h; sourceTree = "<group>"; };
		64A1977B1E07ACC000095CAA /* EBNativeAd2View.m */ = {isa = PBXFileReference; fileEncoding = 4; lastKnownFileType = sourcecode.c.objc; path = EBNativeAd2View.m; sourceTree = "<group>"; };
		64A1977C1E07ACC000095CAA /* EBNativeAdView.h */ = {isa = PBXFileReference; fileEncoding = 4; lastKnownFileType = sourcecode.c.h; path = EBNativeAdView.h; sourceTree = "<group>"; };
		64A1977D1E07ACC000095CAA /* EBNativeAdView.m */ = {isa = PBXFileReference; fileEncoding = 4; lastKnownFileType = sourcecode.c.objc; path = EBNativeAdView.m; sourceTree = "<group>"; };
		64A1977E1E07ACC000095CAA /* EBNativeBannerAdView.h */ = {isa = PBXFileReference; fileEncoding = 4; lastKnownFileType = sourcecode.c.h; path = EBNativeBannerAdView.h; sourceTree = "<group>"; };
		64A1977F1E07ACC000095CAA /* EBNativeBannerAdView.m */ = {isa = PBXFileReference; fileEncoding = 4; lastKnownFileType = sourcecode.c.objc; path = EBNativeBannerAdView.m; sourceTree = "<group>"; };
		64A197801E07ACC000095CAA /* EBNativeDialogView.h */ = {isa = PBXFileReference; fileEncoding = 4; lastKnownFileType = sourcecode.c.h; path = EBNativeDialogView.h; sourceTree = "<group>"; };
		64A197811E07ACC000095CAA /* EBNativeDialogView.m */ = {isa = PBXFileReference; fileEncoding = 4; lastKnownFileType = sourcecode.c.objc; path = EBNativeDialogView.m; sourceTree = "<group>"; };
		64A197821E07ACC000095CAA /* EBNativeRoundView.h */ = {isa = PBXFileReference; fileEncoding = 4; lastKnownFileType = sourcecode.c.h; path = EBNativeRoundView.h; sourceTree = "<group>"; };
		64A197831E07ACC000095CAA /* EBNativeRoundView.m */ = {isa = PBXFileReference; fileEncoding = 4; lastKnownFileType = sourcecode.c.objc; path = EBNativeRoundView.m; sourceTree = "<group>"; };
		64A197841E07ACC000095CAA /* EBTableViewAdPlacerView.h */ = {isa = PBXFileReference; fileEncoding = 4; lastKnownFileType = sourcecode.c.h; path = EBTableViewAdPlacerView.h; sourceTree = "<group>"; };
		64A197851E07ACC000095CAA /* EBTableViewAdPlacerView.m */ = {isa = PBXFileReference; fileEncoding = 4; lastKnownFileType = sourcecode.c.objc; path = EBTableViewAdPlacerView.m; sourceTree = "<group>"; };
		7A69E7974BF5F9CE51622D6A /* Pods-ExelBidSample.release.xcconfig */ = {isa = PBXFileReference; includeInIndex = 1; lastKnownFileType = text.xcconfig; name = "Pods-ExelBidSample.release.xcconfig"; path = "Pods/Target Support Files/Pods-ExelBidSample/Pods-ExelBidSample.release.xcconfig"; sourceTree = "<group>"; };
/* End PBXFileReference section */

/* Begin PBXFrameworksBuildPhase section */
		64A197061E07A7E100095CAA /* Frameworks */ = {
			isa = PBXFrameworksBuildPhase;
			buildActionMask = 2147483647;
			files = (
				BFE85C6FCBF4829B149A78D5 /* libPods-ExelBidSample.a in Frameworks */,
			);
			runOnlyForDeploymentPostprocessing = 0;
		};
/* End PBXFrameworksBuildPhase section */

/* Begin PBXGroup section */
		542B7307239EF797061700B2 /* Pods */ = {
			isa = PBXGroup;
			children = (
				3C014DB22832791806920775 /* Pods-ExelBidSample.debug.xcconfig */,
				7A69E7974BF5F9CE51622D6A /* Pods-ExelBidSample.release.xcconfig */,
			);
			name = Pods;
			sourceTree = "<group>";
		};
		64A197001E07A7E100095CAA = {
			isa = PBXGroup;
			children = (
				64A1970B1E07A7E100095CAA /* ExelBidSample */,
				64A1970A1E07A7E100095CAA /* Products */,
				542B7307239EF797061700B2 /* Pods */,
				9DD24A0AB673B413327AD0A6 /* Frameworks */,
			);
			sourceTree = "<group>";
		};
		64A1970A1E07A7E100095CAA /* Products */ = {
			isa = PBXGroup;
			children = (
				64A197091E07A7E100095CAA /* ExelBidSample.app */,
			);
			name = Products;
			sourceTree = "<group>";
		};
		64A1970B1E07A7E100095CAA /* ExelBidSample */ = {
			isa = PBXGroup;
			children = (
				64A1975D1E07ACC000095CAA /* Contollers */,
				64A1976E1E07ACC000095CAA /* Domain */,
				64A197751E07ACC000095CAA /* Views */,
				64A1970F1E07A7E100095CAA /* AppDelegate.h */,
				64A197101E07A7E100095CAA /* AppDelegate.m */,
				64A197151E07A7E100095CAA /* Main.storyboard */,
				64A197181E07A7E100095CAA /* Assets.xcassets */,
				64A1971A1E07A7E100095CAA /* LaunchScreen.storyboard */,
				64A1971D1E07A7E100095CAA /* Info.plist */,
				64A1970C1E07A7E100095CAA /* Supporting Files */,
			);
			path = ExelBidSample;
			sourceTree = "<group>";
		};
		64A1970C1E07A7E100095CAA /* Supporting Files */ = {
			isa = PBXGroup;
			children = (
				64A1970D1E07A7E100095CAA /* main.m */,
			);
			name = "Supporting Files";
			sourceTree = "<group>";
		};
		64A1975D1E07ACC000095CAA /* Contollers */ = {
			isa = PBXGroup;
			children = (
				64A1975E1E07ACC000095CAA /* EBAdTableViewController.h */,
				64A1975F1E07ACC000095CAA /* EBAdTableViewController.m */,
				64A197601E07ACC000095CAA /* EBBannerAdViewController.h */,
				64A197611E07ACC000095CAA /* EBBannerAdViewController.m */,
				64A197641E07ACC000095CAA /* EBFrontBannerAdViewController.h */,
				64A197651E07ACC000095CAA /* EBFrontBannerAdViewController.m */,
				64A197621E07ACC000095CAA /* EBDialogAdViewController.h */,
				64A197631E07ACC000095CAA /* EBDialogAdViewController.m */,
				64A1976A1E07ACC000095CAA /* EBNativeAdViewController.h */,
				64A1976B1E07ACC000095CAA /* EBNativeAdViewController.m */,
				64A1976C1E07ACC000095CAA /* EBNativeBannerAdViewController.h */,
				64A1976D1E07ACC000095CAA /* EBNativeBannerAdViewController.m */,
				64A197661E07ACC000095CAA /* EBNativeAdCollectionViewController.h */,
				64A197671E07ACC000095CAA /* EBNativeAdCollectionViewController.m */,
				64A197681E07ACC000095CAA /* EBNativeAdTableViewController.h */,
				64A197691E07ACC000095CAA /* EBNativeAdTableViewController.m */,
			);
			path = Contollers;
			sourceTree = "<group>";
		};
		64A1976E1E07ACC000095CAA /* Domain */ = {
			isa = PBXGroup;
			children = (
				64A1976F1E07ACC000095CAA /* EBAdInfo.h */,
				64A197701E07ACC000095CAA /* EBAdInfo.m */,
				64A197711E07ACC000095CAA /* EBAdSection.h */,
				64A197721E07ACC000095CAA /* EBAdSection.m */,
				64A197731E07ACC000095CAA /* EBConfig.h */,
				64A197741E07ACC000095CAA /* EBConfig.m */,
			);
			path = Domain;
			sourceTree = "<group>";
		};
		64A197751E07ACC000095CAA /* Views */ = {
			isa = PBXGroup;
			children = (
				64A197761E07ACC000095CAA /* EBCollectionViewAdPlacerView.h */,
				64A197771E07ACC000095CAA /* EBCollectionViewAdPlacerView.m */,
				64A197781E07ACC000095CAA /* EBHTMLDialogView.h */,
				64A197791E07ACC000095CAA /* EBHTMLDialogView.m */,
				64A1977A1E07ACC000095CAA /* EBNativeAd2View.h */,
				64A1977B1E07ACC000095CAA /* EBNativeAd2View.m */,
				64A1977C1E07ACC000095CAA /* EBNativeAdView.h */,
				64A1977D1E07ACC000095CAA /* EBNativeAdView.m */,
				64A1977E1E07ACC000095CAA /* EBNativeBannerAdView.h */,
				64A1977F1E07ACC000095CAA /* EBNativeBannerAdView.m */,
				64A197801E07ACC000095CAA /* EBNativeDialogView.h */,
				64A197811E07ACC000095CAA /* EBNativeDialogView.m */,
				64A197821E07ACC000095CAA /* EBNativeRoundView.h */,
				64A197831E07ACC000095CAA /* EBNativeRoundView.m */,
				64A197841E07ACC000095CAA /* EBTableViewAdPlacerView.h */,
				64A197851E07ACC000095CAA /* EBTableViewAdPlacerView.m */,
			);
			path = Views;
			sourceTree = "<group>";
		};
		9DD24A0AB673B413327AD0A6 /* Frameworks */ = {
			isa = PBXGroup;
			children = (
				4C21688F282DC8195BD608A5 /* libPods-ExelBidSample.a */,
			);
			name = Frameworks;
			sourceTree = "<group>";
		};
/* End PBXGroup section */

/* Begin PBXNativeTarget section */
		64A197081E07A7E100095CAA /* ExelBidSample */ = {
			isa = PBXNativeTarget;
			buildConfigurationList = 64A197201E07A7E100095CAA /* Build configuration list for PBXNativeTarget "ExelBidSample" */;
			buildPhases = (
				30FC39384007436CDBABC0AA /* [CP] Check Pods Manifest.lock */,
				64A197051E07A7E100095CAA /* Sources */,
				64A197061E07A7E100095CAA /* Frameworks */,
				64A197071E07A7E100095CAA /* Resources */,
				75A255674461A0ADD4014942 /* [CP] Embed Pods Frameworks */,
				98D57A12132FEC5A1A51977B /* [CP] Copy Pods Resources */,
			);
			buildRules = (
			);
			dependencies = (
			);
			name = ExelBidSample;
			productName = ExelBidSample;
			productReference = 64A197091E07A7E100095CAA /* ExelBidSample.app */;
			productType = "com.apple.product-type.application";
		};
/* End PBXNativeTarget section */

/* Begin PBXProject section */
		64A197011E07A7E100095CAA /* Project object */ = {
			isa = PBXProject;
			attributes = {
				LastUpgradeCheck = 0810;
				ORGANIZATIONNAME = exelbid;
				TargetAttributes = {
					64A197081E07A7E100095CAA = {
						CreatedOnToolsVersion = 8.1;
						DevelopmentTeam = CRQ85XPKH9;
						ProvisioningStyle = Automatic;
					};
				};
			};
			buildConfigurationList = 64A197041E07A7E100095CAA /* Build configuration list for PBXProject "ExelBidSample" */;
			compatibilityVersion = "Xcode 3.2";
			developmentRegion = English;
			hasScannedForEncodings = 0;
			knownRegions = (
				en,
				Base,
			);
			mainGroup = 64A197001E07A7E100095CAA;
			productRefGroup = 64A1970A1E07A7E100095CAA /* Products */;
			projectDirPath = "";
			projectRoot = "";
			targets = (
				64A197081E07A7E100095CAA /* ExelBidSample */,
			);
		};
/* End PBXProject section */

/* Begin PBXResourcesBuildPhase section */
		64A197071E07A7E100095CAA /* Resources */ = {
			isa = PBXResourcesBuildPhase;
			buildActionMask = 2147483647;
			files = (
				64A1971C1E07A7E100095CAA /* LaunchScreen.storyboard in Resources */,
				64A197191E07A7E100095CAA /* Assets.xcassets in Resources */,
				64A197171E07A7E100095CAA /* Main.storyboard in Resources */,
			);
			runOnlyForDeploymentPostprocessing = 0;
		};
/* End PBXResourcesBuildPhase section */

/* Begin PBXShellScriptBuildPhase section */
		30FC39384007436CDBABC0AA /* [CP] Check Pods Manifest.lock */ = {
			isa = PBXShellScriptBuildPhase;
			buildActionMask = 2147483647;
			files = (
			);
			inputPaths = (
			);
			name = "[CP] Check Pods Manifest.lock";
			outputPaths = (
			);
			runOnlyForDeploymentPostprocessing = 0;
			shellPath = /bin/sh;
			shellScript = "diff \"${PODS_ROOT}/../Podfile.lock\" \"${PODS_ROOT}/Manifest.lock\" > /dev/null\nif [ $? != 0 ] ; then\n    # print error to STDERR\n    echo \"error: The sandbox is not in sync with the Podfile.lock. Run 'pod install' or update your CocoaPods installation.\" >&2\n    exit 1\nfi\n";
			showEnvVarsInLog = 0;
		};
		75A255674461A0ADD4014942 /* [CP] Embed Pods Frameworks */ = {
			isa = PBXShellScriptBuildPhase;
			buildActionMask = 2147483647;
			files = (
			);
			inputPaths = (
			);
			name = "[CP] Embed Pods Frameworks";
			outputPaths = (
			);
			runOnlyForDeploymentPostprocessing = 0;
			shellPath = /bin/sh;
			shellScript = "\"${SRCROOT}/Pods/Target Support Files/Pods-ExelBidSample/Pods-ExelBidSample-frameworks.sh\"\n";
			showEnvVarsInLog = 0;
		};
		98D57A12132FEC5A1A51977B /* [CP] Copy Pods Resources */ = {
			isa = PBXShellScriptBuildPhase;
			buildActionMask = 2147483647;
			files = (
			);
			inputPaths = (
			);
			name = "[CP] Copy Pods Resources";
			outputPaths = (
			);
			runOnlyForDeploymentPostprocessing = 0;
			shellPath = /bin/sh;
			shellScript = "\"${SRCROOT}/Pods/Target Support Files/Pods-ExelBidSample/Pods-ExelBidSample-resources.sh\"\n";
			showEnvVarsInLog = 0;
		};
/* End PBXShellScriptBuildPhase section */

/* Begin PBXSourcesBuildPhase section */
		64A197051E07A7E100095CAA /* Sources */ = {
			isa = PBXSourcesBuildPhase;
			buildActionMask = 2147483647;
			files = (
				64A197861E07ACC000095CAA /* EBAdTableViewController.m in Sources */,
				64A197941E07ACC000095CAA /* EBNativeAdView.m in Sources */,
				64A197881E07ACC000095CAA /* EBDialogAdViewController.m in Sources */,
				64A197891E07ACC000095CAA /* EBFrontBannerAdViewController.m in Sources */,
				64A197921E07ACC000095CAA /* EBHTMLDialogView.m in Sources */,
				64A1978A1E07ACC000095CAA /* EBNativeAdCollectionViewController.m in Sources */,
				64A197911E07ACC000095CAA /* EBCollectionViewAdPlacerView.m in Sources */,
				64A197951E07ACC000095CAA /* EBNativeBannerAdView.m in Sources */,
				64A1978C1E07ACC000095CAA /* EBNativeAdViewController.m in Sources */,
				64A1978B1E07ACC000095CAA /* EBNativeAdTableViewController.m in Sources */,
				64A1978E1E07ACC000095CAA /* EBAdInfo.m in Sources */,
				64A197961E07ACC000095CAA /* EBNativeDialogView.m in Sources */,
				64A1978D1E07ACC000095CAA /* EBNativeBannerAdViewController.m in Sources */,
				64A197111E07A7E100095CAA /* AppDelegate.m in Sources */,
				64A1978F1E07ACC000095CAA /* EBAdSection.m in Sources */,
				64A197981E07ACC000095CAA /* EBTableViewAdPlacerView.m in Sources */,
				64A197971E07ACC000095CAA /* EBNativeRoundView.m in Sources */,
				64A197931E07ACC000095CAA /* EBNativeAd2View.m in Sources */,
				64A197901E07ACC000095CAA /* EBConfig.m in Sources */,
				64A197871E07ACC000095CAA /* EBBannerAdViewController.m in Sources */,
				64A1970E1E07A7E100095CAA /* main.m in Sources */,
			);
			runOnlyForDeploymentPostprocessing = 0;
		};
/* End PBXSourcesBuildPhase section */

/* Begin PBXVariantGroup section */
		64A197151E07A7E100095CAA /* Main.storyboard */ = {
			isa = PBXVariantGroup;
			children = (
				64A197161E07A7E100095CAA /* Base */,
			);
			name = Main.storyboard;
			sourceTree = "<group>";
		};
		64A1971A1E07A7E100095CAA /* LaunchScreen.storyboard */ = {
			isa = PBXVariantGroup;
			children = (
				64A1971B1E07A7E100095CAA /* Base */,
			);
			name = LaunchScreen.storyboard;
			sourceTree = "<group>";
		};
/* End PBXVariantGroup section */

/* Begin XCBuildConfiguration section */
		64A1971E1E07A7E100095CAA /* Debug */ = {
			isa = XCBuildConfiguration;
			buildSettings = {
				ALWAYS_SEARCH_USER_PATHS = NO;
				CLANG_ANALYZER_NONNULL = YES;
				CLANG_CXX_LANGUAGE_STANDARD = "gnu++0x";
				CLANG_CXX_LIBRARY = "libc++";
				CLANG_ENABLE_MODULES = YES;
				CLANG_ENABLE_OBJC_ARC = YES;
				CLANG_WARN_BOOL_CONVERSION = YES;
				CLANG_WARN_CONSTANT_CONVERSION = YES;
				CLANG_WARN_DIRECT_OBJC_ISA_USAGE = YES_ERROR;
				CLANG_WARN_DOCUMENTATION_COMMENTS = YES;
				CLANG_WARN_EMPTY_BODY = YES;
				CLANG_WARN_ENUM_CONVERSION = YES;
				CLANG_WARN_INFINITE_RECURSION = YES;
				CLANG_WARN_INT_CONVERSION = YES;
				CLANG_WARN_OBJC_ROOT_CLASS = YES_ERROR;
				CLANG_WARN_SUSPICIOUS_MOVES = YES;
				CLANG_WARN_UNREACHABLE_CODE = YES;
				CLANG_WARN__DUPLICATE_METHOD_MATCH = YES;
				"CODE_SIGN_IDENTITY[sdk=iphoneos*]" = "iPhone Developer";
				COPY_PHASE_STRIP = NO;
				DEBUG_INFORMATION_FORMAT = dwarf;
				ENABLE_STRICT_OBJC_MSGSEND = YES;
				ENABLE_TESTABILITY = YES;
				GCC_C_LANGUAGE_STANDARD = gnu99;
				GCC_DYNAMIC_NO_PIC = NO;
				GCC_NO_COMMON_BLOCKS = YES;
				GCC_OPTIMIZATION_LEVEL = 0;
				GCC_PREPROCESSOR_DEFINITIONS = (
					"DEBUG=1",
					"$(inherited)",
				);
				GCC_WARN_64_TO_32_BIT_CONVERSION = YES;
				GCC_WARN_ABOUT_RETURN_TYPE = YES_ERROR;
				GCC_WARN_UNDECLARED_SELECTOR = YES;
				GCC_WARN_UNINITIALIZED_AUTOS = YES_AGGRESSIVE;
				GCC_WARN_UNUSED_FUNCTION = YES;
				GCC_WARN_UNUSED_VARIABLE = YES;
				IPHONEOS_DEPLOYMENT_TARGET = 10.1;
				MTL_ENABLE_DEBUG_INFO = YES;
				ONLY_ACTIVE_ARCH = YES;
				SDKROOT = iphoneos;
				TARGETED_DEVICE_FAMILY = "1,2";
			};
			name = Debug;
		};
		64A1971F1E07A7E100095CAA /* Release */ = {
			isa = XCBuildConfiguration;
			buildSettings = {
				ALWAYS_SEARCH_USER_PATHS = NO;
				CLANG_ANALYZER_NONNULL = YES;
				CLANG_CXX_LANGUAGE_STANDARD = "gnu++0x";
				CLANG_CXX_LIBRARY = "libc++";
				CLANG_ENABLE_MODULES = YES;
				CLANG_ENABLE_OBJC_ARC = YES;
				CLANG_WARN_BOOL_CONVERSION = YES;
				CLANG_WARN_CONSTANT_CONVERSION = YES;
				CLANG_WARN_DIRECT_OBJC_ISA_USAGE = YES_ERROR;
				CLANG_WARN_DOCUMENTATION_COMMENTS = YES;
				CLANG_WARN_EMPTY_BODY = YES;
				CLANG_WARN_ENUM_CONVERSION = YES;
				CLANG_WARN_INFINITE_RECURSION = YES;
				CLANG_WARN_INT_CONVERSION = YES;
				CLANG_WARN_OBJC_ROOT_CLASS = YES_ERROR;
				CLANG_WARN_SUSPICIOUS_MOVES = YES;
				CLANG_WARN_UNREACHABLE_CODE = YES;
				CLANG_WARN__DUPLICATE_METHOD_MATCH = YES;
				"CODE_SIGN_IDENTITY[sdk=iphoneos*]" = "iPhone Developer";
				COPY_PHASE_STRIP = NO;
				DEBUG_INFORMATION_FORMAT = "dwarf-with-dsym";
				ENABLE_NS_ASSERTIONS = NO;
				ENABLE_STRICT_OBJC_MSGSEND = YES;
				GCC_C_LANGUAGE_STANDARD = gnu99;
				GCC_NO_COMMON_BLOCKS = YES;
				GCC_WARN_64_TO_32_BIT_CONVERSION = YES;
				GCC_WARN_ABOUT_RETURN_TYPE = YES_ERROR;
				GCC_WARN_UNDECLARED_SELECTOR = YES;
				GCC_WARN_UNINITIALIZED_AUTOS = YES_AGGRESSIVE;
				GCC_WARN_UNUSED_FUNCTION = YES;
				GCC_WARN_UNUSED_VARIABLE = YES;
				IPHONEOS_DEPLOYMENT_TARGET = 10.1;
				MTL_ENABLE_DEBUG_INFO = NO;
				SDKROOT = iphoneos;
				TARGETED_DEVICE_FAMILY = "1,2";
				VALIDATE_PRODUCT = YES;
			};
			name = Release;
		};
		64A197211E07A7E100095CAA /* Debug */ = {
			isa = XCBuildConfiguration;
			baseConfigurationReference = 3C014DB22832791806920775 /* Pods-ExelBidSample.debug.xcconfig */;
			buildSettings = {
				ASSETCATALOG_COMPILER_APPICON_NAME = AppIcon;
				"CODE_SIGN_IDENTITY[sdk=iphoneos*]" = "iPhone Developer";
				DEVELOPMENT_TEAM = CRQ85XPKH9;
				INFOPLIST_FILE = ExelBidSample/Info.plist;
				IPHONEOS_DEPLOYMENT_TARGET = 8.0;
				LD_RUNPATH_SEARCH_PATHS = "$(inherited) @executable_path/Frameworks";
				PRODUCT_BUNDLE_IDENTIFIER = com.exelbid.ExelBidSample;
				PRODUCT_NAME = "$(TARGET_NAME)";
			};
			name = Debug;
		};
		64A197221E07A7E100095CAA /* Release */ = {
			isa = XCBuildConfiguration;
			baseConfigurationReference = 7A69E7974BF5F9CE51622D6A /* Pods-ExelBidSample.release.xcconfig */;
			buildSettings = {
				ASSETCATALOG_COMPILER_APPICON_NAME = AppIcon;
				"CODE_SIGN_IDENTITY[sdk=iphoneos*]" = "iPhone Developer";
				DEVELOPMENT_TEAM = CRQ85XPKH9;
				INFOPLIST_FILE = ExelBidSample/Info.plist;
				IPHONEOS_DEPLOYMENT_TARGET = 8.0;
				LD_RUNPATH_SEARCH_PATHS = "$(inherited) @executable_path/Frameworks";
				PRODUCT_BUNDLE_IDENTIFIER = com.exelbid.ExelBidSample;
				PRODUCT_NAME = "$(TARGET_NAME)";
			};
			name = Release;
		};
/* End XCBuildConfiguration section */

/* Begin XCConfigurationList section */
		64A197041E07A7E100095CAA /* Build configuration list for PBXProject "ExelBidSample" */ = {
			isa = XCConfigurationList;
			buildConfigurations = (
				64A1971E1E07A7E100095CAA /* Debug */,
				64A1971F1E07A7E100095CAA /* Release */,
			);
			defaultConfigurationIsVisible = 0;
			defaultConfigurationName = Release;
		};
		64A197201E07A7E100095CAA /* Build configuration list for PBXNativeTarget "ExelBidSample" */ = {
			isa = XCConfigurationList;
			buildConfigurations = (
				64A197211E07A7E100095CAA /* Debug */,
				64A197221E07A7E100095CAA /* Release */,
			);
			defaultConfigurationIsVisible = 0;
			defaultConfigurationName = Release;
		};
/* End XCConfigurationList section */
	};
	rootObject = 64A197011E07A7E100095CAA /* Project object */;
}
