// !$*UTF8*$!
{
	archiveVersion = 1;
	classes = {
	};
	objectVersion = 46;
	objects = {

/* Begin PBXBuildFile section */
		1CCD6C42C080517E08A602F8 /* Pods_ExelbidSample.framework in Frameworks */ = {isa = PBXBuildFile; fileRef = E4B73016D9B9E482E98F4705 /* Pods_ExelbidSample.framework */; };
		1D29554E299B4E1E00D39514 /* EBAdFitNativeAdView.m in Sources */ = {isa = PBXBuildFile; fileRef = 1D29554D299B4E1E00D39514 /* EBAdFitNativeAdView.m */; };
		1D295552299B4FCD00D39514 /* EBMediationBizBoardViewController.m in Sources */ = {isa = PBXBuildFile; fileRef = 1D295551299B4FCD00D39514 /* EBMediationBizBoardViewController.m */; };
		1D8287442994DFD200F22178 /* EBMediationBannerAdViewController.m in Sources */ = {isa = PBXBuildFile; fileRef = 1D8287432994DFD200F22178 /* EBMediationBannerAdViewController.m */; };
		1D93FC37299A0BFB00E4F103 /* AppTrackingTransparency.framework in Frameworks */ = {isa = PBXBuildFile; fileRef = 1D93FC32299A004800E4F103 /* AppTrackingTransparency.framework */; };
		1DBADE66299B29120054FD2A /* EBMediationNativeAdViewController.m in Sources */ = {isa = PBXBuildFile; fileRef = 1DBADE65299B29120054FD2A /* EBMediationNativeAdViewController.m */; };
		6412693A1DBDA31500A7F514 /* main.m in Sources */ = {isa = PBXBuildFile; fileRef = 641269391DBDA31500A7F514 /* main.m */; };
		6412693D1DBDA31500A7F514 /* AppDelegate.m in Sources */ = {isa = PBXBuildFile; fileRef = 6412693C1DBDA31500A7F514 /* AppDelegate.m */; };
		641269431DBDA31500A7F514 /* Main.storyboard in Resources */ = {isa = PBXBuildFile; fileRef = 641269411DBDA31500A7F514 /* Main.storyboard */; };
		641269451DBDA31500A7F514 /* Assets.xcassets in Resources */ = {isa = PBXBuildFile; fileRef = 641269441DBDA31500A7F514 /* Assets.xcassets */; };
		641269481DBDA31500A7F514 /* LaunchScreen.storyboard in Resources */ = {isa = PBXBuildFile; fileRef = 641269461DBDA31500A7F514 /* LaunchScreen.storyboard */; };
		641269541DBDA3F300A7F514 /* EBAdTableViewController.m in Sources */ = {isa = PBXBuildFile; fileRef = 641269531DBDA3F300A7F514 /* EBAdTableViewController.m */; };
		641269571DBDA59C00A7F514 /* EBAdInfo.m in Sources */ = {isa = PBXBuildFile; fileRef = 641269561DBDA59C00A7F514 /* EBAdInfo.m */; };
		6412695A1DBDA6DE00A7F514 /* EBAdSection.m in Sources */ = {isa = PBXBuildFile; fileRef = 641269591DBDA6DE00A7F514 /* EBAdSection.m */; };
		6412695D1DBDAD2B00A7F514 /* EBBannerAdViewController.m in Sources */ = {isa = PBXBuildFile; fileRef = 6412695C1DBDAD2B00A7F514 /* EBBannerAdViewController.m */; };
		644762DE1DD9956600C08F2B /* EBNativeAdCollectionViewController.m in Sources */ = {isa = PBXBuildFile; fileRef = 644762DD1DD9956600C08F2B /* EBNativeAdCollectionViewController.m */; };
		644762E11DD995F300C08F2B /* EBCollectionViewAdPlacerView.m in Sources */ = {isa = PBXBuildFile; fileRef = 644762E01DD995F300C08F2B /* EBCollectionViewAdPlacerView.m */; };
		6486DD231DDC084D0060B23B /* EBNativeDialogView.m in Sources */ = {isa = PBXBuildFile; fileRef = 6486DD221DDC084D0060B23B /* EBNativeDialogView.m */; };
		6486DD261DDC0DF40060B23B /* EBNativeAd2View.m in Sources */ = {isa = PBXBuildFile; fileRef = 6486DD251DDC0DF40060B23B /* EBNativeAd2View.m */; };
		6486DD2B1DDC107D0060B23B /* EBNativeRoundView.m in Sources */ = {isa = PBXBuildFile; fileRef = 6486DD2A1DDC107D0060B23B /* EBNativeRoundView.m */; };
		648966491DD1690A003CBA29 /* EBNativeAdViewController.m in Sources */ = {isa = PBXBuildFile; fileRef = 648966481DD1690A003CBA29 /* EBNativeAdViewController.m */; };
		648966991DD18FB1003CBA29 /* EBNativeAdView.m in Sources */ = {isa = PBXBuildFile; fileRef = 648966981DD18FB1003CBA29 /* EBNativeAdView.m */; };
		6492D9E41DD42635004E751D /* EBNativeBannerAdView.m in Sources */ = {isa = PBXBuildFile; fileRef = 6492D9E31DD42635004E751D /* EBNativeBannerAdView.m */; };
		6492D9E71DD427A0004E751D /* EBNativeBannerAdViewController.m in Sources */ = {isa = PBXBuildFile; fileRef = 6492D9E61DD427A0004E751D /* EBNativeBannerAdViewController.m */; };
		6497E8641DD5738500A2BBFF /* EBNativeAdTableViewController.m in Sources */ = {isa = PBXBuildFile; fileRef = 6497E8631DD5738500A2BBFF /* EBNativeAdTableViewController.m */; };
		6497E8671DD5763B00A2BBFF /* EBTableViewAdPlacerView.m in Sources */ = {isa = PBXBuildFile; fileRef = 6497E8661DD5763B00A2BBFF /* EBTableViewAdPlacerView.m */; };
		64BFE6961DDB0F000030BCA0 /* EBHTMLDialogView.m in Sources */ = {isa = PBXBuildFile; fileRef = 64BFE6951DDB0F000030BCA0 /* EBHTMLDialogView.m */; };
		64BFE6991DDB12C10030BCA0 /* EBDialogAdViewController.m in Sources */ = {isa = PBXBuildFile; fileRef = 64BFE6981DDB12C10030BCA0 /* EBDialogAdViewController.m */; };
		64DF9BAE1DCC4C0000836561 /* EBFrontBannerAdViewController.m in Sources */ = {isa = PBXBuildFile; fileRef = 64DF9BAD1DCC4C0000836561 /* EBFrontBannerAdViewController.m */; };
/* End PBXBuildFile section */

/* Begin PBXFileReference section */
		1D29554D299B4E1E00D39514 /* EBAdFitNativeAdView.m */ = {isa = PBXFileReference; lastKnownFileType = sourcecode.c.objc; path = EBAdFitNativeAdView.m; sourceTree = "<group>"; };
		1D29554F299B4E2400D39514 /* EBAdFitNativeAdView.h */ = {isa = PBXFileReference; lastKnownFileType = sourcecode.c.h; path = EBAdFitNativeAdView.h; sourceTree = "<group>"; };
		1D295550299B4FCD00D39514 /* EBMediationBizBoardViewController.h */ = {isa = PBXFileReference; lastKnownFileType = sourcecode.c.h; path = EBMediationBizBoardViewController.h; sourceTree = "<group>"; };
		1D295551299B4FCD00D39514 /* EBMediationBizBoardViewController.m */ = {isa = PBXFileReference; lastKnownFileType = sourcecode.c.objc; path = EBMediationBizBoardViewController.m; sourceTree = "<group>"; };
		1D8287432994DFD200F22178 /* EBMediationBannerAdViewController.m */ = {isa = PBXFileReference; lastKnownFileType = sourcecode.c.objc; path = EBMediationBannerAdViewController.m; sourceTree = "<group>"; };
		1D8287452994DFE200F22178 /* EBMediationBannerAdViewController.h */ = {isa = PBXFileReference; lastKnownFileType = sourcecode.c.h; path = EBMediationBannerAdViewController.h; sourceTree = "<group>"; };
		1D93FC32299A004800E4F103 /* AppTrackingTransparency.framework */ = {isa = PBXFileReference; lastKnownFileType = wrapper.framework; name = AppTrackingTransparency.framework; path = System/Library/Frameworks/AppTrackingTransparency.framework; sourceTree = SDKROOT; };
		1DBADE64299B29120054FD2A /* EBMediationNativeAdViewController.h */ = {isa = PBXFileReference; lastKnownFileType = sourcecode.c.h; path = EBMediationNativeAdViewController.h; sourceTree = "<group>"; };
		1DBADE65299B29120054FD2A /* EBMediationNativeAdViewController.m */ = {isa = PBXFileReference; lastKnownFileType = sourcecode.c.objc; path = EBMediationNativeAdViewController.m; sourceTree = "<group>"; };
		641269351DBDA31500A7F514 /* ExelbidSample.app */ = {isa = PBXFileReference; explicitFileType = wrapper.application; includeInIndex = 0; path = ExelbidSample.app; sourceTree = BUILT_PRODUCTS_DIR; };
		641269391DBDA31500A7F514 /* main.m */ = {isa = PBXFileReference; lastKnownFileType = sourcecode.c.objc; path = main.m; sourceTree = "<group>"; };
		6412693B1DBDA31500A7F514 /* AppDelegate.h */ = {isa = PBXFileReference; lastKnownFileType = sourcecode.c.h; path = AppDelegate.h; sourceTree = "<group>"; };
		6412693C1DBDA31500A7F514 /* AppDelegate.m */ = {isa = PBXFileReference; lastKnownFileType = sourcecode.c.objc; path = AppDelegate.m; sourceTree = "<group>"; };
		641269421DBDA31500A7F514 /* Base */ = {isa = PBXFileReference; lastKnownFileType = file.storyboard; name = Base; path = Base.lproj/Main.storyboard; sourceTree = "<group>"; };
		641269441DBDA31500A7F514 /* Assets.xcassets */ = {isa = PBXFileReference; lastKnownFileType = folder.assetcatalog; path = Assets.xcassets; sourceTree = "<group>"; };
		641269471DBDA31500A7F514 /* Base */ = {isa = PBXFileReference; lastKnownFileType = file.storyboard; name = Base; path = Base.lproj/LaunchScreen.storyboard; sourceTree = "<group>"; };
		641269491DBDA31500A7F514 /* Info.plist */ = {isa = PBXFileReference; lastKnownFileType = text.plist.xml; path = Info.plist; sourceTree = "<group>"; };
		641269521DBDA3F300A7F514 /* EBAdTableViewController.h */ = {isa = PBXFileReference; fileEncoding = 4; lastKnownFileType = sourcecode.c.h; path = EBAdTableViewController.h; sourceTree = "<group>"; };
		641269531DBDA3F300A7F514 /* EBAdTableViewController.m */ = {isa = PBXFileReference; fileEncoding = 4; lastKnownFileType = sourcecode.c.objc; path = EBAdTableViewController.m; sourceTree = "<group>"; };
		641269551DBDA59C00A7F514 /* EBAdInfo.h */ = {isa = PBXFileReference; fileEncoding = 4; lastKnownFileType = sourcecode.c.h; path = EBAdInfo.h; sourceTree = "<group>"; };
		641269561DBDA59C00A7F514 /* EBAdInfo.m */ = {isa = PBXFileReference; fileEncoding = 4; lastKnownFileType = sourcecode.c.objc; path = EBAdInfo.m; sourceTree = "<group>"; };
		641269581DBDA6DE00A7F514 /* EBAdSection.h */ = {isa = PBXFileReference; fileEncoding = 4; lastKnownFileType = sourcecode.c.h; path = EBAdSection.h; sourceTree = "<group>"; };
		641269591DBDA6DE00A7F514 /* EBAdSection.m */ = {isa = PBXFileReference; fileEncoding = 4; lastKnownFileType = sourcecode.c.objc; path = EBAdSection.m; sourceTree = "<group>"; };
		6412695B1DBDAD2B00A7F514 /* EBBannerAdViewController.h */ = {isa = PBXFileReference; fileEncoding = 4; lastKnownFileType = sourcecode.c.h; path = EBBannerAdViewController.h; sourceTree = "<group>"; };
		6412695C1DBDAD2B00A7F514 /* EBBannerAdViewController.m */ = {isa = PBXFileReference; fileEncoding = 4; lastKnownFileType = sourcecode.c.objc; path = EBBannerAdViewController.m; sourceTree = "<group>"; };
		644762DC1DD9956600C08F2B /* EBNativeAdCollectionViewController.h */ = {isa = PBXFileReference; fileEncoding = 4; lastKnownFileType = sourcecode.c.h; path = EBNativeAdCollectionViewController.h; sourceTree = "<group>"; };
		644762DD1DD9956600C08F2B /* EBNativeAdCollectionViewController.m */ = {isa = PBXFileReference; fileEncoding = 4; lastKnownFileType = sourcecode.c.objc; path = EBNativeAdCollectionViewController.m; sourceTree = "<group>"; };
		644762DF1DD995F300C08F2B /* EBCollectionViewAdPlacerView.h */ = {isa = PBXFileReference; fileEncoding = 4; lastKnownFileType = sourcecode.c.h; path = EBCollectionViewAdPlacerView.h; sourceTree = "<group>"; };
		644762E01DD995F300C08F2B /* EBCollectionViewAdPlacerView.m */ = {isa = PBXFileReference; fileEncoding = 4; lastKnownFileType = sourcecode.c.objc; path = EBCollectionViewAdPlacerView.m; sourceTree = "<group>"; };
		6486DD211DDC084D0060B23B /* EBNativeDialogView.h */ = {isa = PBXFileReference; fileEncoding = 4; lastKnownFileType = sourcecode.c.h; path = EBNativeDialogView.h; sourceTree = "<group>"; };
		6486DD221DDC084D0060B23B /* EBNativeDialogView.m */ = {isa = PBXFileReference; fileEncoding = 4; lastKnownFileType = sourcecode.c.objc; path = EBNativeDialogView.m; sourceTree = "<group>"; };
		6486DD241DDC0DF40060B23B /* EBNativeAd2View.h */ = {isa = PBXFileReference; fileEncoding = 4; lastKnownFileType = sourcecode.c.h; path = EBNativeAd2View.h; sourceTree = "<group>"; };
		6486DD251DDC0DF40060B23B /* EBNativeAd2View.m */ = {isa = PBXFileReference; fileEncoding = 4; lastKnownFileType = sourcecode.c.objc; path = EBNativeAd2View.m; sourceTree = "<group>"; };
		6486DD291DDC107D0060B23B /* EBNativeRoundView.h */ = {isa = PBXFileReference; fileEncoding = 4; lastKnownFileType = sourcecode.c.h; path = EBNativeRoundView.h; sourceTree = "<group>"; };
		6486DD2A1DDC107D0060B23B /* EBNativeRoundView.m */ = {isa = PBXFileReference; fileEncoding = 4; lastKnownFileType = sourcecode.c.objc; path = EBNativeRoundView.m; sourceTree = "<group>"; };
		648966471DD1690A003CBA29 /* EBNativeAdViewController.h */ = {isa = PBXFileReference; fileEncoding = 4; lastKnownFileType = sourcecode.c.h; path = EBNativeAdViewController.h; sourceTree = "<group>"; };
		648966481DD1690A003CBA29 /* EBNativeAdViewController.m */ = {isa = PBXFileReference; fileEncoding = 4; lastKnownFileType = sourcecode.c.objc; path = EBNativeAdViewController.m; sourceTree = "<group>"; };
		648966971DD18FB1003CBA29 /* EBNativeAdView.h */ = {isa = PBXFileReference; fileEncoding = 4; lastKnownFileType = sourcecode.c.h; path = EBNativeAdView.h; sourceTree = "<group>"; };
		648966981DD18FB1003CBA29 /* EBNativeAdView.m */ = {isa = PBXFileReference; fileEncoding = 4; lastKnownFileType = sourcecode.c.objc; path = EBNativeAdView.m; sourceTree = "<group>"; };
		6492D9E21DD42635004E751D /* EBNativeBannerAdView.h */ = {isa = PBXFileReference; fileEncoding = 4; lastKnownFileType = sourcecode.c.h; path = EBNativeBannerAdView.h; sourceTree = "<group>"; };
		6492D9E31DD42635004E751D /* EBNativeBannerAdView.m */ = {isa = PBXFileReference; fileEncoding = 4; lastKnownFileType = sourcecode.c.objc; path = EBNativeBannerAdView.m; sourceTree = "<group>"; };
		6492D9E51DD427A0004E751D /* EBNativeBannerAdViewController.h */ = {isa = PBXFileReference; fileEncoding = 4; lastKnownFileType = sourcecode.c.h; path = EBNativeBannerAdViewController.h; sourceTree = "<group>"; };
		6492D9E61DD427A0004E751D /* EBNativeBannerAdViewController.m */ = {isa = PBXFileReference; fileEncoding = 4; lastKnownFileType = sourcecode.c.objc; path = EBNativeBannerAdViewController.m; sourceTree = "<group>"; };
		6497E8621DD5738500A2BBFF /* EBNativeAdTableViewController.h */ = {isa = PBXFileReference; fileEncoding = 4; lastKnownFileType = sourcecode.c.h; path = EBNativeAdTableViewController.h; sourceTree = "<group>"; };
		6497E8631DD5738500A2BBFF /* EBNativeAdTableViewController.m */ = {isa = PBXFileReference; fileEncoding = 4; lastKnownFileType = sourcecode.c.objc; path = EBNativeAdTableViewController.m; sourceTree = "<group>"; };
		6497E8651DD5763B00A2BBFF /* EBTableViewAdPlacerView.h */ = {isa = PBXFileReference; fileEncoding = 4; lastKnownFileType = sourcecode.c.h; path = EBTableViewAdPlacerView.h; sourceTree = "<group>"; };
		6497E8661DD5763B00A2BBFF /* EBTableViewAdPlacerView.m */ = {isa = PBXFileReference; fileEncoding = 4; lastKnownFileType = sourcecode.c.objc; path = EBTableViewAdPlacerView.m; sourceTree = "<group>"; };
		64BFE6941DDB0F000030BCA0 /* EBHTMLDialogView.h */ = {isa = PBXFileReference; fileEncoding = 4; lastKnownFileType = sourcecode.c.h; path = EBHTMLDialogView.h; sourceTree = "<group>"; };
		64BFE6951DDB0F000030BCA0 /* EBHTMLDialogView.m */ = {isa = PBXFileReference; fileEncoding = 4; lastKnownFileType = sourcecode.c.objc; path = EBHTMLDialogView.m; sourceTree = "<group>"; };
		64BFE6971DDB12C10030BCA0 /* EBDialogAdViewController.h */ = {isa = PBXFileReference; fileEncoding = 4; lastKnownFileType = sourcecode.c.h; path = EBDialogAdViewController.h; sourceTree = "<group>"; };
		64BFE6981DDB12C10030BCA0 /* EBDialogAdViewController.m */ = {isa = PBXFileReference; fileEncoding = 4; lastKnownFileType = sourcecode.c.objc; path = EBDialogAdViewController.m; sourceTree = "<group>"; };
		64DF9BAC1DCC4C0000836561 /* EBFrontBannerAdViewController.h */ = {isa = PBXFileReference; fileEncoding = 4; lastKnownFileType = sourcecode.c.h; path = EBFrontBannerAdViewController.h; sourceTree = "<group>"; };
		64DF9BAD1DCC4C0000836561 /* EBFrontBannerAdViewController.m */ = {isa = PBXFileReference; fileEncoding = 4; lastKnownFileType = sourcecode.c.objc; path = EBFrontBannerAdViewController.m; sourceTree = "<group>"; };
		B651AE69B6D1B2147797B0C7 /* Pods-ExelbidSample.debug.xcconfig */ = {isa = PBXFileReference; includeInIndex = 1; lastKnownFileType = text.xcconfig; name = "Pods-ExelbidSample.debug.xcconfig"; path = "Target Support Files/Pods-ExelbidSample/Pods-ExelbidSample.debug.xcconfig"; sourceTree = "<group>"; };
		E4B73016D9B9E482E98F4705 /* Pods_ExelbidSample.framework */ = {isa = PBXFileReference; explicitFileType = wrapper.framework; includeInIndex = 0; path = Pods_ExelbidSample.framework; sourceTree = BUILT_PRODUCTS_DIR; };
		E517D22C82DD38514CFE8C5E /* Pods-ExelbidSample.release.xcconfig */ = {isa = PBXFileReference; includeInIndex = 1; lastKnownFileType = text.xcconfig; name = "Pods-ExelbidSample.release.xcconfig"; path = "Target Support Files/Pods-ExelbidSample/Pods-ExelbidSample.release.xcconfig"; sourceTree = "<group>"; };
/* End PBXFileReference section */

/* Begin PBXFrameworksBuildPhase section */
		641269321DBDA31500A7F514 /* Frameworks */ = {
			isa = PBXFrameworksBuildPhase;
			buildActionMask = 2147483647;
			files = (
				1D93FC37299A0BFB00E4F103 /* AppTrackingTransparency.framework in Frameworks */,
				1CCD6C42C080517E08A602F8 /* Pods_ExelbidSample.framework in Frameworks */,
			);
			runOnlyForDeploymentPostprocessing = 0;
		};
/* End PBXFrameworksBuildPhase section */

/* Begin PBXGroup section */
		1D93FC31299A004800E4F103 /* Frameworks */ = {
			isa = PBXGroup;
			children = (
				1D93FC32299A004800E4F103 /* AppTrackingTransparency.framework */,
				E4B73016D9B9E482E98F4705 /* Pods_ExelbidSample.framework */,
			);
			name = Frameworks;
			sourceTree = "<group>";
		};
		1DBADE67299B293B0054FD2A /* mediation */ = {
			isa = PBXGroup;
			children = (
				1D8287452994DFE200F22178 /* EBMediationBannerAdViewController.h */,
				1D8287432994DFD200F22178 /* EBMediationBannerAdViewController.m */,
				1DBADE64299B29120054FD2A /* EBMediationNativeAdViewController.h */,
				1DBADE65299B29120054FD2A /* EBMediationNativeAdViewController.m */,
				1D295550299B4FCD00D39514 /* EBMediationBizBoardViewController.h */,
				1D295551299B4FCD00D39514 /* EBMediationBizBoardViewController.m */,
			);
			path = mediation;
			sourceTree = "<group>";
		};
		6412692C1DBDA31500A7F514 = {
			isa = PBXGroup;
			children = (
				641269371DBDA31500A7F514 /* ExelbidSample */,
				641269361DBDA31500A7F514 /* Products */,
				1D93FC31299A004800E4F103 /* Frameworks */,
				743D8701B546D04BEA0B7E5F /* Pods */,
			);
			sourceTree = "<group>";
		};
		641269361DBDA31500A7F514 /* Products */ = {
			isa = PBXGroup;
			children = (
				641269351DBDA31500A7F514 /* ExelbidSample.app */,
			);
			name = Products;
			sourceTree = "<group>";
		};
		641269371DBDA31500A7F514 /* ExelbidSample */ = {
			isa = PBXGroup;
			children = (
				641269501DBDA39E00A7F514 /* Domain */,
				6412694F1DBDA39E00A7F514 /* Contollers */,
				641269511DBDA39E00A7F514 /* Views */,
				6412693B1DBDA31500A7F514 /* AppDelegate.h */,
				6412693C1DBDA31500A7F514 /* AppDelegate.m */,
				641269411DBDA31500A7F514 /* Main.storyboard */,
				641269441DBDA31500A7F514 /* Assets.xcassets */,
				641269461DBDA31500A7F514 /* LaunchScreen.storyboard */,
				641269491DBDA31500A7F514 /* Info.plist */,
				641269381DBDA31500A7F514 /* Supporting Files */,
			);
			path = ExelbidSample;
			sourceTree = "<group>";
		};
		641269381DBDA31500A7F514 /* Supporting Files */ = {
			isa = PBXGroup;
			children = (
				641269391DBDA31500A7F514 /* main.m */,
			);
			name = "Supporting Files";
			sourceTree = "<group>";
		};
		6412694F1DBDA39E00A7F514 /* Contollers */ = {
			isa = PBXGroup;
			children = (
				1DBADE67299B293B0054FD2A /* mediation */,
				641269521DBDA3F300A7F514 /* EBAdTableViewController.h */,
				641269531DBDA3F300A7F514 /* EBAdTableViewController.m */,
				6412695B1DBDAD2B00A7F514 /* EBBannerAdViewController.h */,
				6412695C1DBDAD2B00A7F514 /* EBBannerAdViewController.m */,
				64DF9BAC1DCC4C0000836561 /* EBFrontBannerAdViewController.h */,
				64DF9BAD1DCC4C0000836561 /* EBFrontBannerAdViewController.m */,
				648966471DD1690A003CBA29 /* EBNativeAdViewController.h */,
				648966481DD1690A003CBA29 /* EBNativeAdViewController.m */,
				6492D9E51DD427A0004E751D /* EBNativeBannerAdViewController.h */,
				6492D9E61DD427A0004E751D /* EBNativeBannerAdViewController.m */,
				6497E8621DD5738500A2BBFF /* EBNativeAdTableViewController.h */,
				6497E8631DD5738500A2BBFF /* EBNativeAdTableViewController.m */,
				644762DC1DD9956600C08F2B /* EBNativeAdCollectionViewController.h */,
				644762DD1DD9956600C08F2B /* EBNativeAdCollectionViewController.m */,
				64BFE6971DDB12C10030BCA0 /* EBDialogAdViewController.h */,
				64BFE6981DDB12C10030BCA0 /* EBDialogAdViewController.m */,
			);
			path = Contollers;
			sourceTree = "<group>";
		};
		641269501DBDA39E00A7F514 /* Domain */ = {
			isa = PBXGroup;
			children = (
				641269551DBDA59C00A7F514 /* EBAdInfo.h */,
				641269561DBDA59C00A7F514 /* EBAdInfo.m */,
				641269581DBDA6DE00A7F514 /* EBAdSection.h */,
				641269591DBDA6DE00A7F514 /* EBAdSection.m */,
			);
			path = Domain;
			sourceTree = "<group>";
		};
		641269511DBDA39E00A7F514 /* Views */ = {
			isa = PBXGroup;
			children = (
				648966971DD18FB1003CBA29 /* EBNativeAdView.h */,
				648966981DD18FB1003CBA29 /* EBNativeAdView.m */,
				6486DD241DDC0DF40060B23B /* EBNativeAd2View.h */,
				6486DD251DDC0DF40060B23B /* EBNativeAd2View.m */,
				6492D9E21DD42635004E751D /* EBNativeBannerAdView.h */,
				6492D9E31DD42635004E751D /* EBNativeBannerAdView.m */,
				6497E8651DD5763B00A2BBFF /* EBTableViewAdPlacerView.h */,
				6497E8661DD5763B00A2BBFF /* EBTableViewAdPlacerView.m */,
				644762DF1DD995F300C08F2B /* EBCollectionViewAdPlacerView.h */,
				644762E01DD995F300C08F2B /* EBCollectionViewAdPlacerView.m */,
				64BFE6941DDB0F000030BCA0 /* EBHTMLDialogView.h */,
				64BFE6951DDB0F000030BCA0 /* EBHTMLDialogView.m */,
				6486DD211DDC084D0060B23B /* EBNativeDialogView.h */,
				6486DD221DDC084D0060B23B /* EBNativeDialogView.m */,
				6486DD291DDC107D0060B23B /* EBNativeRoundView.h */,
				6486DD2A1DDC107D0060B23B /* EBNativeRoundView.m */,
				1D29554F299B4E2400D39514 /* EBAdFitNativeAdView.h */,
				1D29554D299B4E1E00D39514 /* EBAdFitNativeAdView.m */,
			);
			path = Views;
			sourceTree = "<group>";
		};
		743D8701B546D04BEA0B7E5F /* Pods */ = {
			isa = PBXGroup;
			children = (
				B651AE69B6D1B2147797B0C7 /* Pods-ExelbidSample.debug.xcconfig */,
				E517D22C82DD38514CFE8C5E /* Pods-ExelbidSample.release.xcconfig */,
			);
			path = Pods;
			sourceTree = "<group>";
		};
/* End PBXGroup section */

/* Begin PBXNativeTarget section */
		641269341DBDA31500A7F514 /* ExelbidSample */ = {
			isa = PBXNativeTarget;
			buildConfigurationList = 6412694C1DBDA31500A7F514 /* Build configuration list for PBXNativeTarget "ExelbidSample" */;
			buildPhases = (
				B7863FD50E7F799D7463F80A /* [CP] Check Pods Manifest.lock */,
				641269311DBDA31500A7F514 /* Sources */,
				641269321DBDA31500A7F514 /* Frameworks */,
				641269331DBDA31500A7F514 /* Resources */,
				7F2DB0FB012C13C049EE08CC /* [CP] Embed Pods Frameworks */,
			);
			buildRules = (
			);
			dependencies = (
			);
			name = ExelbidSample;
			productName = ExelbidSample;
			productReference = 641269351DBDA31500A7F514 /* ExelbidSample.app */;
			productType = "com.apple.product-type.application";
		};
/* End PBXNativeTarget section */

/* Begin PBXProject section */
		6412692D1DBDA31500A7F514 /* Project object */ = {
			isa = PBXProject;
			attributes = {
				LastUpgradeCheck = 0720;
				ORGANIZATIONNAME = Zionbi;
				TargetAttributes = {
					641269341DBDA31500A7F514 = {
						CreatedOnToolsVersion = 7.2.1;
						DevelopmentTeam = N8654MDDQ5;
					};
				};
			};
			buildConfigurationList = 641269301DBDA31500A7F514 /* Build configuration list for PBXProject "ExelbidSample" */;
			compatibilityVersion = "Xcode 3.2";
			developmentRegion = English;
			hasScannedForEncodings = 0;
			knownRegions = (
				English,
				en,
				Base,
			);
			mainGroup = 6412692C1DBDA31500A7F514;
			productRefGroup = 641269361DBDA31500A7F514 /* Products */;
			projectDirPath = "";
			projectRoot = "";
			targets = (
				641269341DBDA31500A7F514 /* ExelbidSample */,
			);
		};
/* End PBXProject section */

/* Begin PBXResourcesBuildPhase section */
		641269331DBDA31500A7F514 /* Resources */ = {
			isa = PBXResourcesBuildPhase;
			buildActionMask = 2147483647;
			files = (
				641269481DBDA31500A7F514 /* LaunchScreen.storyboard in Resources */,
				641269451DBDA31500A7F514 /* Assets.xcassets in Resources */,
				641269431DBDA31500A7F514 /* Main.storyboard in Resources */,
			);
			runOnlyForDeploymentPostprocessing = 0;
		};
/* End PBXResourcesBuildPhase section */

/* Begin PBXShellScriptBuildPhase section */
		7F2DB0FB012C13C049EE08CC /* [CP] Embed Pods Frameworks */ = {
			isa = PBXShellScriptBuildPhase;
			buildActionMask = 2147483647;
			files = (
			);
			inputPaths = (
				"${PODS_ROOT}/Target Support Files/Pods-ExelbidSample/Pods-ExelbidSample-frameworks.sh",
				"${PODS_XCFRAMEWORKS_BUILD_DIR}/AdFitSDK/AdFitSDK.framework/AdFitSDK",
				"${PODS_XCFRAMEWORKS_BUILD_DIR}/ExelBid_iOS/ExelBidSDK.framework/ExelBidSDK",
			);
			name = "[CP] Embed Pods Frameworks";
			outputPaths = (
				"${TARGET_BUILD_DIR}/${FRAMEWORKS_FOLDER_PATH}/AdFitSDK.framework",
				"${TARGET_BUILD_DIR}/${FRAMEWORKS_FOLDER_PATH}/ExelBidSDK.framework",
			);
			runOnlyForDeploymentPostprocessing = 0;
			shellPath = /bin/sh;
			shellScript = "\"${PODS_ROOT}/Target Support Files/Pods-ExelbidSample/Pods-ExelbidSample-frameworks.sh\"\n";
			showEnvVarsInLog = 0;
		};
		B7863FD50E7F799D7463F80A /* [CP] Check Pods Manifest.lock */ = {
			isa = PBXShellScriptBuildPhase;
			buildActionMask = 2147483647;
			files = (
			);
			inputFileListPaths = (
			);
			inputPaths = (
				"${PODS_PODFILE_DIR_PATH}/Podfile.lock",
				"${PODS_ROOT}/Manifest.lock",
			);
			name = "[CP] Check Pods Manifest.lock";
			outputFileListPaths = (
			);
			outputPaths = (
				"$(DERIVED_FILE_DIR)/Pods-ExelbidSample-checkManifestLockResult.txt",
			);
			runOnlyForDeploymentPostprocessing = 0;
			shellPath = /bin/sh;
			shellScript = "diff \"${PODS_PODFILE_DIR_PATH}/Podfile.lock\" \"${PODS_ROOT}/Manifest.lock\" > /dev/null\nif [ $? != 0 ] ; then\n    # print error to STDERR\n    echo \"error: The sandbox is not in sync with the Podfile.lock. Run 'pod install' or update your CocoaPods installation.\" >&2\n    exit 1\nfi\n# This output is used by Xcode 'outputs' to avoid re-running this script phase.\necho \"SUCCESS\" > \"${SCRIPT_OUTPUT_FILE_0}\"\n";
			showEnvVarsInLog = 0;
		};
/* End PBXShellScriptBuildPhase section */

/* Begin PBXSourcesBuildPhase section */
		641269311DBDA31500A7F514 /* Sources */ = {
			isa = PBXSourcesBuildPhase;
			buildActionMask = 2147483647;
			files = (
				1DBADE66299B29120054FD2A /* EBMediationNativeAdViewController.m in Sources */,
				641269541DBDA3F300A7F514 /* EBAdTableViewController.m in Sources */,
				648966991DD18FB1003CBA29 /* EBNativeAdView.m in Sources */,
				1D8287442994DFD200F22178 /* EBMediationBannerAdViewController.m in Sources */,
				648966491DD1690A003CBA29 /* EBNativeAdViewController.m in Sources */,
				641269571DBDA59C00A7F514 /* EBAdInfo.m in Sources */,
				6497E8641DD5738500A2BBFF /* EBNativeAdTableViewController.m in Sources */,
				1D295552299B4FCD00D39514 /* EBMediationBizBoardViewController.m in Sources */,
				6492D9E71DD427A0004E751D /* EBNativeBannerAdViewController.m in Sources */,
				6497E8671DD5763B00A2BBFF /* EBTableViewAdPlacerView.m in Sources */,
				1D29554E299B4E1E00D39514 /* EBAdFitNativeAdView.m in Sources */,
				6486DD261DDC0DF40060B23B /* EBNativeAd2View.m in Sources */,
				64BFE6961DDB0F000030BCA0 /* EBHTMLDialogView.m in Sources */,
				6412693D1DBDA31500A7F514 /* AppDelegate.m in Sources */,
				6486DD231DDC084D0060B23B /* EBNativeDialogView.m in Sources */,
				644762E11DD995F300C08F2B /* EBCollectionViewAdPlacerView.m in Sources */,
				6412695A1DBDA6DE00A7F514 /* EBAdSection.m in Sources */,
				64DF9BAE1DCC4C0000836561 /* EBFrontBannerAdViewController.m in Sources */,
				6412695D1DBDAD2B00A7F514 /* EBBannerAdViewController.m in Sources */,
				6486DD2B1DDC107D0060B23B /* EBNativeRoundView.m in Sources */,
				6492D9E41DD42635004E751D /* EBNativeBannerAdView.m in Sources */,
				64BFE6991DDB12C10030BCA0 /* EBDialogAdViewController.m in Sources */,
				644762DE1DD9956600C08F2B /* EBNativeAdCollectionViewController.m in Sources */,
				6412693A1DBDA31500A7F514 /* main.m in Sources */,
			);
			runOnlyForDeploymentPostprocessing = 0;
		};
/* End PBXSourcesBuildPhase section */

/* Begin PBXVariantGroup section */
		641269411DBDA31500A7F514 /* Main.storyboard */ = {
			isa = PBXVariantGroup;
			children = (
				641269421DBDA31500A7F514 /* Base */,
			);
			name = Main.storyboard;
			sourceTree = "<group>";
		};
		641269461DBDA31500A7F514 /* LaunchScreen.storyboard */ = {
			isa = PBXVariantGroup;
			children = (
				641269471DBDA31500A7F514 /* Base */,
			);
			name = LaunchScreen.storyboard;
			sourceTree = "<group>";
		};
/* End PBXVariantGroup section */

/* Begin XCBuildConfiguration section */
		6412694A1DBDA31500A7F514 /* Debug */ = {
			isa = XCBuildConfiguration;
			buildSettings = {
				ALWAYS_EMBED_SWIFT_STANDARD_LIBRARIES = YES;
				ALWAYS_SEARCH_USER_PATHS = NO;
				CLANG_CXX_LANGUAGE_STANDARD = "gnu++0x";
				CLANG_CXX_LIBRARY = "libc++";
				CLANG_ENABLE_MODULES = YES;
				CLANG_ENABLE_OBJC_ARC = YES;
				CLANG_WARN_BOOL_CONVERSION = YES;
				CLANG_WARN_CONSTANT_CONVERSION = YES;
				CLANG_WARN_DIRECT_OBJC_ISA_USAGE = YES_ERROR;
				CLANG_WARN_EMPTY_BODY = YES;
				CLANG_WARN_ENUM_CONVERSION = YES;
				CLANG_WARN_INT_CONVERSION = YES;
				CLANG_WARN_OBJC_ROOT_CLASS = YES_ERROR;
				CLANG_WARN_UNREACHABLE_CODE = YES;
				CLANG_WARN__DUPLICATE_METHOD_MATCH = YES;
				"CODE_SIGN_IDENTITY[sdk=iphoneos*]" = "iPhone Developer";
				COPY_PHASE_STRIP = NO;
				DEBUG_INFORMATION_FORMAT = dwarf;
				ENABLE_STRICT_OBJC_MSGSEND = YES;
				ENABLE_TESTABILITY = YES;
				GCC_C_LANGUAGE_STANDARD = gnu99;
				GCC_DYNAMIC_NO_PIC = NO;
				GCC_NO_COMMON_BLOCKS = YES;
				GCC_OPTIMIZATION_LEVEL = 0;
				GCC_PREPROCESSOR_DEFINITIONS = (
					"DEBUG=1",
					"$(inherited)",
				);
				GCC_WARN_64_TO_32_BIT_CONVERSION = YES;
				GCC_WARN_ABOUT_RETURN_TYPE = YES_ERROR;
				GCC_WARN_UNDECLARED_SELECTOR = YES;
				GCC_WARN_UNINITIALIZED_AUTOS = YES_AGGRESSIVE;
				GCC_WARN_UNUSED_FUNCTION = YES;
				GCC_WARN_UNUSED_VARIABLE = YES;
				MTL_ENABLE_DEBUG_INFO = YES;
				ONLY_ACTIVE_ARCH = YES;
				SDKROOT = iphoneos;
				TARGETED_DEVICE_FAMILY = "1,2";
			};
			name = Debug;
		};
		6412694B1DBDA31500A7F514 /* Release */ = {
			isa = XCBuildConfiguration;
			buildSettings = {
				ALWAYS_EMBED_SWIFT_STANDARD_LIBRARIES = YES;
				ALWAYS_SEARCH_USER_PATHS = NO;
				CLANG_CXX_LANGUAGE_STANDARD = "gnu++0x";
				CLANG_CXX_LIBRARY = "libc++";
				CLANG_ENABLE_MODULES = YES;
				CLANG_ENABLE_OBJC_ARC = YES;
				CLANG_WARN_BOOL_CONVERSION = YES;
				CLANG_WARN_CONSTANT_CONVERSION = YES;
				CLANG_WARN_DIRECT_OBJC_ISA_USAGE = YES_ERROR;
				CLANG_WARN_EMPTY_BODY = YES;
				CLANG_WARN_ENUM_CONVERSION = YES;
				CLANG_WARN_INT_CONVERSION = YES;
				CLANG_WARN_OBJC_ROOT_CLASS = YES_ERROR;
				CLANG_WARN_UNREACHABLE_CODE = YES;
				CLANG_WARN__DUPLICATE_METHOD_MATCH = YES;
				"CODE_SIGN_IDENTITY[sdk=iphoneos*]" = "iPhone Developer";
				COPY_PHASE_STRIP = NO;
				DEBUG_INFORMATION_FORMAT = "dwarf-with-dsym";
				ENABLE_NS_ASSERTIONS = NO;
				ENABLE_STRICT_OBJC_MSGSEND = YES;
				GCC_C_LANGUAGE_STANDARD = gnu99;
				GCC_NO_COMMON_BLOCKS = YES;
				GCC_WARN_64_TO_32_BIT_CONVERSION = YES;
				GCC_WARN_ABOUT_RETURN_TYPE = YES_ERROR;
				GCC_WARN_UNDECLARED_SELECTOR = YES;
				GCC_WARN_UNINITIALIZED_AUTOS = YES_AGGRESSIVE;
				GCC_WARN_UNUSED_FUNCTION = YES;
				GCC_WARN_UNUSED_VARIABLE = YES;
				MTL_ENABLE_DEBUG_INFO = NO;
				SDKROOT = iphoneos;
				TARGETED_DEVICE_FAMILY = "1,2";
				VALIDATE_PRODUCT = YES;
			};
			name = Release;
		};
		6412694D1DBDA31500A7F514 /* Debug */ = {
			isa = XCBuildConfiguration;
			baseConfigurationReference = B651AE69B6D1B2147797B0C7 /* Pods-ExelbidSample.debug.xcconfig */;
			buildSettings = {
				ASSETCATALOG_COMPILER_APPICON_NAME = AppIcon;
				DEVELOPMENT_TEAM = N8654MDDQ5;
				EXCLUDED_ARCHS = "";
				GCC_NO_COMMON_BLOCKS = YES;
				INFOPLIST_FILE = ExelbidSample/Info.plist;
				IPHONEOS_DEPLOYMENT_TARGET = 13.1;
				LD_RUNPATH_SEARCH_PATHS = "$(inherited) @executable_path/Frameworks";
				LIBRARY_SEARCH_PATHS = (
					"$(inherited)",
					"$(SDKROOT)/usr/lib/swift",
				);
				OTHER_LDFLAGS = "-ObjC";
				PRODUCT_BUNDLE_IDENTIFIER = com.zionbi.ExelbidSample;
				PRODUCT_NAME = "$(TARGET_NAME)";
			};
			name = Debug;
		};
		6412694E1DBDA31500A7F514 /* Release */ = {
			isa = XCBuildConfiguration;
			baseConfigurationReference = E517D22C82DD38514CFE8C5E /* Pods-ExelbidSample.release.xcconfig */;
			buildSettings = {
				ASSETCATALOG_COMPILER_APPICON_NAME = AppIcon;
				DEVELOPMENT_TEAM = N8654MDDQ5;
				EXCLUDED_ARCHS = "";
				GCC_NO_COMMON_BLOCKS = YES;
				INFOPLIST_FILE = ExelbidSample/Info.plist;
				IPHONEOS_DEPLOYMENT_TARGET = 13.1;
				LD_RUNPATH_SEARCH_PATHS = "$(inherited) @executable_path/Frameworks";
				LIBRARY_SEARCH_PATHS = (
					"$(inherited)",
					"$(SDKROOT)/usr/lib/swift",
				);
				OTHER_LDFLAGS = "-ObjC";
				PRODUCT_BUNDLE_IDENTIFIER = com.zionbi.ExelbidSample;
				PRODUCT_NAME = "$(TARGET_NAME)";
			};
			name = Release;
		};
/* End XCBuildConfiguration section */

/* Begin XCConfigurationList section */
		641269301DBDA31500A7F514 /* Build configuration list for PBXProject "ExelbidSample" */ = {
			isa = XCConfigurationList;
			buildConfigurations = (
				6412694A1DBDA31500A7F514 /* Debug */,
				6412694B1DBDA31500A7F514 /* Release */,
			);
			defaultConfigurationIsVisible = 0;
			defaultConfigurationName = Release;
		};
		6412694C1DBDA31500A7F514 /* Build configuration list for PBXNativeTarget "ExelbidSample" */ = {
			isa = XCConfigurationList;
			buildConfigurations = (
				6412694D1DBDA31500A7F514 /* Debug */,
				6412694E1DBDA31500A7F514 /* Release */,
			);
			defaultConfigurationIsVisible = 0;
			defaultConfigurationName = Release;
		};
/* End XCConfigurationList section */
	};
	rootObject = 6412692D1DBDA31500A7F514 /* Project object */;
}
